// !$*UTF8*$!
{
	archiveVersion = 1;
	classes = {
	};
	objectVersion = 56;
	objects = {

/* Begin PBXBuildFile section */
		4892230829B7C967001D7A2C /* AdSdkFramework.framework in Frameworks */ = {isa = PBXBuildFile; fileRef = 4892230629B7C962001D7A2C /* AdSdkFramework.framework */; };
		4892230929B7C967001D7A2C /* AdSdkFramework.framework in Embed Frameworks */ = {isa = PBXBuildFile; fileRef = 4892230629B7C962001D7A2C /* AdSdkFramework.framework */; settings = {ATTRIBUTES = (CodeSignOnCopy, RemoveHeadersOnCopy, ); }; };
		4892230C29B7C9A3001D7A2C /* SDWebImageSwiftUI in Frameworks */ = {isa = PBXBuildFile; productRef = 4892230B29B7C9A3001D7A2C /* SDWebImageSwiftUI */; };
		48E594BA29B7BE2100A721C4 /* AdSdkFrameworkTestApp.swift in Sources */ = {isa = PBXBuildFile; fileRef = 48E594B929B7BE2100A721C4 /* AdSdkFrameworkTestApp.swift */; };
		48E594BC29B7BE2100A721C4 /* ContentView.swift in Sources */ = {isa = PBXBuildFile; fileRef = 48E594BB29B7BE2100A721C4 /* ContentView.swift */; };
		48E594BE29B7BE2300A721C4 /* Assets.xcassets in Resources */ = {isa = PBXBuildFile; fileRef = 48E594BD29B7BE2300A721C4 /* Assets.xcassets */; };
		48E594C129B7BE2300A721C4 /* Preview Assets.xcassets in Resources */ = {isa = PBXBuildFile; fileRef = 48E594C029B7BE2300A721C4 /* Preview Assets.xcassets */; };
/* End PBXBuildFile section */

/* Begin PBXCopyFilesBuildPhase section */
		48E594D029B7BF1000A721C4 /* Embed Frameworks */ = {
			isa = PBXCopyFilesBuildPhase;
			buildActionMask = 2147483647;
			dstPath = "";
			dstSubfolderSpec = 10;
			files = (
				4892230929B7C967001D7A2C /* AdSdkFramework.framework in Embed Frameworks */,
			);
			name = "Embed Frameworks";
			runOnlyForDeploymentPostprocessing = 0;
		};
/* End PBXCopyFilesBuildPhase section */

/* Begin PBXFileReference section */
		4892230629B7C962001D7A2C /* AdSdkFramework.framework */ = {isa = PBXFileReference; lastKnownFileType = wrapper.framework; name = AdSdkFramework.framework; path = "../../Library/Developer/Xcode/DerivedData/AdSdkFramework-hkupzhvzyozhlwewayzkmmberscf/Build/Products/Release-iphonesimulator/AdSdkFramework.framework"; sourceTree = "<group>"; };
		48E594B629B7BE2100A721C4 /* AdSdkFrameworkTest.app */ = {isa = PBXFileReference; explicitFileType = wrapper.application; includeInIndex = 0; path = AdSdkFrameworkTest.app; sourceTree = BUILT_PRODUCTS_DIR; };
		48E594B929B7BE2100A721C4 /* AdSdkFrameworkTestApp.swift */ = {isa = PBXFileReference; lastKnownFileType = sourcecode.swift; path = AdSdkFrameworkTestApp.swift; sourceTree = "<group>"; };
		48E594BB29B7BE2100A721C4 /* ContentView.swift */ = {isa = PBXFileReference; lastKnownFileType = sourcecode.swift; path = ContentView.swift; sourceTree = "<group>"; };
		48E594BD29B7BE2300A721C4 /* Assets.xcassets */ = {isa = PBXFileReference; lastKnownFileType = folder.assetcatalog; path = Assets.xcassets; sourceTree = "<group>"; };
		48E594C029B7BE2300A721C4 /* Preview Assets.xcassets */ = {isa = PBXFileReference; lastKnownFileType = folder.assetcatalog; path = "Preview Assets.xcassets"; sourceTree = "<group>"; };
/* End PBXFileReference section */

/* Begin PBXFrameworksBuildPhase section */
		48E594B329B7BE2100A721C4 /* Frameworks */ = {
			isa = PBXFrameworksBuildPhase;
			buildActionMask = 2147483647;
			files = (
				4892230C29B7C9A3001D7A2C /* SDWebImageSwiftUI in Frameworks */,
				4892230829B7C967001D7A2C /* AdSdkFramework.framework in Frameworks */,
			);
			runOnlyForDeploymentPostprocessing = 0;
		};
/* End PBXFrameworksBuildPhase section */

/* Begin PBXGroup section */
		48E594AD29B7BE2100A721C4 = {
			isa = PBXGroup;
			children = (
				48E594B829B7BE2100A721C4 /* AdSdkFrameworkTest */,
				48E594B729B7BE2100A721C4 /* Products */,
				48E594D829B7C41B00A721C4 /* Frameworks */,
			);
			sourceTree = "<group>";
		};
		48E594B729B7BE2100A721C4 /* Products */ = {
			isa = PBXGroup;
			children = (
				48E594B629B7BE2100A721C4 /* AdSdkFrameworkTest.app */,
			);
			name = Products;
			sourceTree = "<group>";
		};
		48E594B829B7BE2100A721C4 /* AdSdkFrameworkTest */ = {
			isa = PBXGroup;
			children = (
				48E594B929B7BE2100A721C4 /* AdSdkFrameworkTestApp.swift */,
				48E594BB29B7BE2100A721C4 /* ContentView.swift */,
				48E594BD29B7BE2300A721C4 /* Assets.xcassets */,
				48E594BF29B7BE2300A721C4 /* Preview Content */,
			);
			path = AdSdkFrameworkTest;
			sourceTree = "<group>";
		};
		48E594BF29B7BE2300A721C4 /* Preview Content */ = {
			isa = PBXGroup;
			children = (
				48E594C029B7BE2300A721C4 /* Preview Assets.xcassets */,
			);
			path = "Preview Content";
			sourceTree = "<group>";
		};
		48E594D829B7C41B00A721C4 /* Frameworks */ = {
			isa = PBXGroup;
			children = (
				4892230629B7C962001D7A2C /* AdSdkFramework.framework */,
			);
			name = Frameworks;
			sourceTree = "<group>";
		};
/* End PBXGroup section */

/* Begin PBXNativeTarget section */
		48E594B529B7BE2100A721C4 /* AdSdkFrameworkTest */ = {
			isa = PBXNativeTarget;
			buildConfigurationList = 48E594C429B7BE2300A721C4 /* Build configuration list for PBXNativeTarget "AdSdkFrameworkTest" */;
			buildPhases = (
				48E594B229B7BE2100A721C4 /* Sources */,
				48E594B329B7BE2100A721C4 /* Frameworks */,
				48E594B429B7BE2100A721C4 /* Resources */,
				48E594D029B7BF1000A721C4 /* Embed Frameworks */,
			);
			buildRules = (
			);
			dependencies = (
			);
			name = AdSdkFrameworkTest;
			packageProductDependencies = (
				4892230B29B7C9A3001D7A2C /* SDWebImageSwiftUI */,
			);
			productName = AdSdkFrameworkTest;
			productReference = 48E594B629B7BE2100A721C4 /* AdSdkFrameworkTest.app */;
			productType = "com.apple.product-type.application";
		};
/* End PBXNativeTarget section */

/* Begin PBXProject section */
		48E594AE29B7BE2100A721C4 /* Project object */ = {
			isa = PBXProject;
			attributes = {
				BuildIndependentTargetsInParallel = 1;
				LastSwiftUpdateCheck = 1420;
				LastUpgradeCheck = 1420;
				TargetAttributes = {
					48E594B529B7BE2100A721C4 = {
						CreatedOnToolsVersion = 14.2;
					};
				};
			};
			buildConfigurationList = 48E594B129B7BE2100A721C4 /* Build configuration list for PBXProject "AdSdkFrameworkTest" */;
			compatibilityVersion = "Xcode 14.0";
			developmentRegion = en;
			hasScannedForEncodings = 0;
			knownRegions = (
				en,
				Base,
			);
			mainGroup = 48E594AD29B7BE2100A721C4;
			packageReferences = (
				4892230A29B7C9A3001D7A2C /* XCRemoteSwiftPackageReference "SDWebImageSwiftUI" */,
			);
			productRefGroup = 48E594B729B7BE2100A721C4 /* Products */;
			projectDirPath = "";
			projectRoot = "";
			targets = (
				48E594B529B7BE2100A721C4 /* AdSdkFrameworkTest */,
			);
		};
/* End PBXProject section */

/* Begin PBXResourcesBuildPhase section */
		48E594B429B7BE2100A721C4 /* Resources */ = {
			isa = PBXResourcesBuildPhase;
			buildActionMask = 2147483647;
			files = (
				48E594C129B7BE2300A721C4 /* Preview Assets.xcassets in Resources */,
				48E594BE29B7BE2300A721C4 /* Assets.xcassets in Resources */,
			);
			runOnlyForDeploymentPostprocessing = 0;
		};
/* End PBXResourcesBuildPhase section */

/* Begin PBXSourcesBuildPhase section */
		48E594B229B7BE2100A721C4 /* Sources */ = {
			isa = PBXSourcesBuildPhase;
			buildActionMask = 2147483647;
			files = (
				48E594BC29B7BE2100A721C4 /* ContentView.swift in Sources */,
				48E594BA29B7BE2100A721C4 /* AdSdkFrameworkTestApp.swift in Sources */,
			);
			runOnlyForDeploymentPostprocessing = 0;
		};
/* End PBXSourcesBuildPhase section */

/* Begin XCBuildConfiguration section */
		48E594C229B7BE2300A721C4 /* Debug */ = {
			isa = XCBuildConfiguration;
			buildSettings = {
				ALWAYS_SEARCH_USER_PATHS = NO;
				CLANG_ANALYZER_NONNULL = YES;
				CLANG_ANALYZER_NUMBER_OBJECT_CONVERSION = YES_AGGRESSIVE;
				CLANG_CXX_LANGUAGE_STANDARD = "gnu++20";
				CLANG_ENABLE_MODULES = YES;
				CLANG_ENABLE_OBJC_ARC = YES;
				CLANG_ENABLE_OBJC_WEAK = YES;
				CLANG_WARN_BLOCK_CAPTURE_AUTORELEASING = YES;
				CLANG_WARN_BOOL_CONVERSION = YES;
				CLANG_WARN_COMMA = YES;
				CLANG_WARN_CONSTANT_CONVERSION = YES;
				CLANG_WARN_DEPRECATED_OBJC_IMPLEMENTATIONS = YES;
				CLANG_WARN_DIRECT_OBJC_ISA_USAGE = YES_ERROR;
				CLANG_WARN_DOCUMENTATION_COMMENTS = YES;
				CLANG_WARN_EMPTY_BODY = YES;
				CLANG_WARN_ENUM_CONVERSION = YES;
				CLANG_WARN_INFINITE_RECURSION = YES;
				CLANG_WARN_INT_CONVERSION = YES;
				CLANG_WARN_NON_LITERAL_NULL_CONVERSION = YES;
				CLANG_WARN_OBJC_IMPLICIT_RETAIN_SELF = YES;
				CLANG_WARN_OBJC_LITERAL_CONVERSION = YES;
				CLANG_WARN_OBJC_ROOT_CLASS = YES_ERROR;
				CLANG_WARN_QUOTED_INCLUDE_IN_FRAMEWORK_HEADER = YES;
				CLANG_WARN_RANGE_LOOP_ANALYSIS = YES;
				CLANG_WARN_STRICT_PROTOTYPES = YES;
				CLANG_WARN_SUSPICIOUS_MOVE = YES;
				CLANG_WARN_UNGUARDED_AVAILABILITY = YES_AGGRESSIVE;
				CLANG_WARN_UNREACHABLE_CODE = YES;
				CLANG_WARN__DUPLICATE_METHOD_MATCH = YES;
				COPY_PHASE_STRIP = NO;
				DEBUG_INFORMATION_FORMAT = dwarf;
				ENABLE_STRICT_OBJC_MSGSEND = YES;
				ENABLE_TESTABILITY = YES;
				GCC_C_LANGUAGE_STANDARD = gnu11;
				GCC_DYNAMIC_NO_PIC = NO;
				GCC_NO_COMMON_BLOCKS = YES;
				GCC_OPTIMIZATION_LEVEL = 0;
				GCC_PREPROCESSOR_DEFINITIONS = (
					"DEBUG=1",
					"$(inherited)",
				);
				GCC_WARN_64_TO_32_BIT_CONVERSION = YES;
				GCC_WARN_ABOUT_RETURN_TYPE = YES_ERROR;
				GCC_WARN_UNDECLARED_SELECTOR = YES;
				GCC_WARN_UNINITIALIZED_AUTOS = YES_AGGRESSIVE;
				GCC_WARN_UNUSED_FUNCTION = YES;
				GCC_WARN_UNUSED_VARIABLE = YES;
				IPHONEOS_DEPLOYMENT_TARGET = 16.2;
				MTL_ENABLE_DEBUG_INFO = INCLUDE_SOURCE;
				MTL_FAST_MATH = YES;
				ONLY_ACTIVE_ARCH = YES;
				SDKROOT = iphoneos;
				SWIFT_ACTIVE_COMPILATION_CONDITIONS = DEBUG;
				SWIFT_OPTIMIZATION_LEVEL = "-Onone";
			};
			name = Debug;
		};
		48E594C329B7BE2300A721C4 /* Release */ = {
			isa = XCBuildConfiguration;
			buildSettings = {
				ALWAYS_SEARCH_USER_PATHS = NO;
				CLANG_ANALYZER_NONNULL = YES;
				CLANG_ANALYZER_NUMBER_OBJECT_CONVERSION = YES_AGGRESSIVE;
				CLANG_CXX_LANGUAGE_STANDARD = "gnu++20";
				CLANG_ENABLE_MODULES = YES;
				CLANG_ENABLE_OBJC_ARC = YES;
				CLANG_ENABLE_OBJC_WEAK = YES;
				CLANG_WARN_BLOCK_CAPTURE_AUTORELEASING = YES;
				CLANG_WARN_BOOL_CONVERSION = YES;
				CLANG_WARN_COMMA = YES;
				CLANG_WARN_CONSTANT_CONVERSION = YES;
				CLANG_WARN_DEPRECATED_OBJC_IMPLEMENTATIONS = YES;
				CLANG_WARN_DIRECT_OBJC_ISA_USAGE = YES_ERROR;
				CLANG_WARN_DOCUMENTATION_COMMENTS = YES;
				CLANG_WARN_EMPTY_BODY = YES;
				CLANG_WARN_ENUM_CONVERSION = YES;
				CLANG_WARN_INFINITE_RECURSION = YES;
				CLANG_WARN_INT_CONVERSION = YES;
				CLANG_WARN_NON_LITERAL_NULL_CONVERSION = YES;
				CLANG_WARN_OBJC_IMPLICIT_RETAIN_SELF = YES;
				CLANG_WARN_OBJC_LITERAL_CONVERSION = YES;
				CLANG_WARN_OBJC_ROOT_CLASS = YES_ERROR;
				CLANG_WARN_QUOTED_INCLUDE_IN_FRAMEWORK_HEADER = YES;
				CLANG_WARN_RANGE_LOOP_ANALYSIS = YES;
				CLANG_WARN_STRICT_PROTOTYPES = YES;
				CLANG_WARN_SUSPICIOUS_MOVE = YES;
				CLANG_WARN_UNGUARDED_AVAILABILITY = YES_AGGRESSIVE;
				CLANG_WARN_UNREACHABLE_CODE = YES;
				CLANG_WARN__DUPLICATE_METHOD_MATCH = YES;
				COPY_PHASE_STRIP = NO;
				DEBUG_INFORMATION_FORMAT = "dwarf-with-dsym";
				ENABLE_NS_ASSERTIONS = NO;
				ENABLE_STRICT_OBJC_MSGSEND = YES;
				GCC_C_LANGUAGE_STANDARD = gnu11;
				GCC_NO_COMMON_BLOCKS = YES;
				GCC_WARN_64_TO_32_BIT_CONVERSION = YES;
				GCC_WARN_ABOUT_RETURN_TYPE = YES_ERROR;
				GCC_WARN_UNDECLARED_SELECTOR = YES;
				GCC_WARN_UNINITIALIZED_AUTOS = YES_AGGRESSIVE;
				GCC_WARN_UNUSED_FUNCTION = YES;
				GCC_WARN_UNUSED_VARIABLE = YES;
				IPHONEOS_DEPLOYMENT_TARGET = 16.2;
				MTL_ENABLE_DEBUG_INFO = NO;
				MTL_FAST_MATH = YES;
				SDKROOT = iphoneos;
				SWIFT_COMPILATION_MODE = wholemodule;
				SWIFT_OPTIMIZATION_LEVEL = "-O";
				VALIDATE_PRODUCT = YES;
			};
			name = Release;
		};
		48E594C529B7BE2300A721C4 /* Debug */ = {
			isa = XCBuildConfiguration;
			buildSettings = {
				ASSETCATALOG_COMPILER_APPICON_NAME = AppIcon;
				ASSETCATALOG_COMPILER_GLOBAL_ACCENT_COLOR_NAME = AccentColor;
				CODE_SIGN_STYLE = Automatic;
				CURRENT_PROJECT_VERSION = 1;
				DEVELOPMENT_ASSET_PATHS = "\"AdSdkFrameworkTest/Preview Content\"";
				ENABLE_PREVIEWS = YES;
				FRAMEWORK_SEARCH_PATHS = (
					"$(inherited)",
					"$(PROJECT_DIR)/AdSdkFrameworkTest/framework",
					"$(PROJECT_DIR)/AdSdkFrameworkTest",
				);
				GENERATE_INFOPLIST_FILE = YES;
				INFOPLIST_KEY_UIApplicationSceneManifest_Generation = YES;
				INFOPLIST_KEY_UIApplicationSupportsIndirectInputEvents = YES;
				INFOPLIST_KEY_UILaunchScreen_Generation = YES;
				INFOPLIST_KEY_UISupportedInterfaceOrientations_iPad = "UIInterfaceOrientationPortrait UIInterfaceOrientationPortraitUpsideDown UIInterfaceOrientationLandscapeLeft UIInterfaceOrientationLandscapeRight";
				INFOPLIST_KEY_UISupportedInterfaceOrientations_iPhone = "UIInterfaceOrientationPortrait UIInterfaceOrientationLandscapeLeft UIInterfaceOrientationLandscapeRight";
				IPHONEOS_DEPLOYMENT_TARGET = 14.0;
				LD_RUNPATH_SEARCH_PATHS = (
					"$(inherited)",
					"@executable_path/Frameworks",
				);
				MARKETING_VERSION = 1.0;
				PRODUCT_BUNDLE_IDENTIFIER = topping.sdk.AdSdkFrameworkTest;
				PRODUCT_NAME = "$(TARGET_NAME)";
				SWIFT_EMIT_LOC_STRINGS = YES;
				SWIFT_VERSION = 5.0;
				TARGETED_DEVICE_FAMILY = "1,2";
			};
			name = Debug;
		};
		48E594C629B7BE2300A721C4 /* Release */ = {
			isa = XCBuildConfiguration;
			buildSettings = {
				ASSETCATALOG_COMPILER_APPICON_NAME = AppIcon;
				ASSETCATALOG_COMPILER_GLOBAL_ACCENT_COLOR_NAME = AccentColor;
				CODE_SIGN_STYLE = Automatic;
				CURRENT_PROJECT_VERSION = 1;
				DEVELOPMENT_ASSET_PATHS = "\"AdSdkFrameworkTest/Preview Content\"";
				ENABLE_PREVIEWS = YES;
				FRAMEWORK_SEARCH_PATHS = (
					"$(inherited)",
					"$(PROJECT_DIR)/AdSdkFrameworkTest/framework",
					"$(PROJECT_DIR)/AdSdkFrameworkTest",
				);
				GENERATE_INFOPLIST_FILE = YES;
				INFOPLIST_KEY_UIApplicationSceneManifest_Generation = YES;
				INFOPLIST_KEY_UIApplicationSupportsIndirectInputEvents = YES;
				INFOPLIST_KEY_UILaunchScreen_Generation = YES;
				INFOPLIST_KEY_UISupportedInterfaceOrientations_iPad = "UIInterfaceOrientationPortrait UIInterfaceOrientationPortraitUpsideDown UIInterfaceOrientationLandscapeLeft UIInterfaceOrientationLandscapeRight";
				INFOPLIST_KEY_UISupportedInterfaceOrientations_iPhone = "UIInterfaceOrientationPortrait UIInterfaceOrientationLandscapeLeft UIInterfaceOrientationLandscapeRight";
				IPHONEOS_DEPLOYMENT_TARGET = 14.0;
				LD_RUNPATH_SEARCH_PATHS = (
					"$(inherited)",
					"@executable_path/Frameworks",
				);
				MARKETING_VERSION = 1.0;
				PRODUCT_BUNDLE_IDENTIFIER = topping.sdk.AdSdkFrameworkTest;
				PRODUCT_NAME = "$(TARGET_NAME)";
				SWIFT_EMIT_LOC_STRINGS = YES;
				SWIFT_VERSION = 5.0;
				TARGETED_DEVICE_FAMILY = "1,2";
			};
			name = Release;
		};
/* End XCBuildConfiguration section */

/* Begin XCConfigurationList section */
		48E594B129B7BE2100A721C4 /* Build configuration list for PBXProject "AdSdkFrameworkTest" */ = {
			isa = XCConfigurationList;
			buildConfigurations = (
				48E594C229B7BE2300A721C4 /* Debug */,
				48E594C329B7BE2300A721C4 /* Release */,
			);
			defaultConfigurationIsVisible = 0;
			defaultConfigurationName = Release;
		};
		48E594C429B7BE2300A721C4 /* Build configuration list for PBXNativeTarget "AdSdkFrameworkTest" */ = {
			isa = XCConfigurationList;
			buildConfigurations = (
				48E594C529B7BE2300A721C4 /* Debug */,
				48E594C629B7BE2300A721C4 /* Release */,
			);
			defaultConfigurationIsVisible = 0;
			defaultConfigurationName = Release;
		};
/* End XCConfigurationList section */

/* Begin XCRemoteSwiftPackageReference section */
		4892230A29B7C9A3001D7A2C /* XCRemoteSwiftPackageReference "SDWebImageSwiftUI" */ = {
			isa = XCRemoteSwiftPackageReference;
			repositoryURL = "https://github.com/SDWebImage/SDWebImageSwiftUI.git";
			requirement = {
				kind = upToNextMajorVersion;
				minimumVersion = 2.0.0;
			};
		};
/* End XCRemoteSwiftPackageReference section */

/* Begin XCSwiftPackageProductDependency section */
		4892230B29B7C9A3001D7A2C /* SDWebImageSwiftUI */ = {
			isa = XCSwiftPackageProductDependency;
			package = 4892230A29B7C9A3001D7A2C /* XCRemoteSwiftPackageReference "SDWebImageSwiftUI" */;
			productName = SDWebImageSwiftUI;
		};
/* End XCSwiftPackageProductDependency section */
	};
	rootObject = 48E594AE29B7BE2100A721C4 /* Project object */;
}
